{
    "_readme": [
        "This file locks the dependencies of your project to a known state",
        "Read more about it at https://getcomposer.org/doc/01-basic-usage.md#installing-dependencies",
        "This file is @generated automatically"
    ],
    "content-hash": "d5ea648a2c3da78f3620b3484068c1b1",
    "packages": [
        {
            "name": "container-interop/container-interop",
            "version": "1.2.0",
            "source": {
                "type": "git",
                "url": "https://github.com/container-interop/container-interop.git",
                "reference": "79cbf1341c22ec75643d841642dd5d6acd83bdb8"
            },
            "dist": {
                "type": "zip",
                "url": "https://api.github.com/repos/container-interop/container-interop/zipball/79cbf1341c22ec75643d841642dd5d6acd83bdb8",
                "reference": "79cbf1341c22ec75643d841642dd5d6acd83bdb8",
                "shasum": ""
            },
            "require": {
                "psr/container": "^1.0"
            },
            "type": "library",
            "autoload": {
                "psr-4": {
                    "Interop\\Container\\": "src/Interop/Container/"
                }
            },
            "notification-url": "https://packagist.org/downloads/",
            "license": [
                "MIT"
            ],
            "description": "Promoting the interoperability of container objects (DIC, SL, etc.)",
            "homepage": "https://github.com/container-interop/container-interop",
            "abandoned": "psr/container",
            "time": "2017-02-14T19:40:03+00:00"
        },
        {
            "name": "laminas/laminas-servicemanager",
            "version": "3.4.1",
            "source": {
                "type": "git",
                "url": "https://github.com/laminas/laminas-servicemanager.git",
                "reference": "0d4c8628a71fae9f7bd0b1b74b76382e5e9a04b1"
            },
            "dist": {
                "type": "zip",
                "url": "https://api.github.com/repos/laminas/laminas-servicemanager/zipball/0d4c8628a71fae9f7bd0b1b74b76382e5e9a04b1",
                "reference": "0d4c8628a71fae9f7bd0b1b74b76382e5e9a04b1",
                "shasum": ""
            },
            "require": {
                "container-interop/container-interop": "^1.2",
                "laminas/laminas-stdlib": "^3.2.1",
                "laminas/laminas-zendframework-bridge": "^1.0",
                "php": "^5.6 || ^7.0",
                "psr/container": "^1.0"
            },
            "provide": {
                "container-interop/container-interop-implementation": "^1.2",
                "psr/container-implementation": "^1.0"
            },
            "replace": {
                "zendframework/zend-servicemanager": "^3.4.0"
            },
            "require-dev": {
                "laminas/laminas-coding-standard": "~1.0.0",
                "mikey179/vfsstream": "^1.6.5",
                "ocramius/proxy-manager": "^1.0 || ^2.0",
                "phpbench/phpbench": "^0.13.0",
                "phpunit/phpunit": "^5.7.25 || ^6.4.4"
            },
            "suggest": {
                "laminas/laminas-stdlib": "laminas-stdlib ^2.5 if you wish to use the MergeReplaceKey or MergeRemoveKey features in Config instances",
                "ocramius/proxy-manager": "ProxyManager 1.* to handle lazy initialization of services"
            },
            "bin": [
                "bin/generate-deps-for-config-factory",
                "bin/generate-factory-for-class"
            ],
            "type": "library",
            "extra": {
                "branch-alias": {
                    "dev-master": "3.3-dev",
                    "dev-develop": "4.0-dev"
                }
            },
            "autoload": {
                "psr-4": {
                    "Laminas\\ServiceManager\\": "src/"
                }
            },
            "notification-url": "https://packagist.org/downloads/",
            "license": [
                "BSD-3-Clause"
            ],
            "description": "Factory-Driven Dependency Injection Container",
            "homepage": "https://laminas.dev",
            "keywords": [
                "PSR-11",
                "dependency-injection",
                "di",
                "dic",
                "laminas",
                "service-manager",
                "servicemanager"
            ],
            "time": "2020-05-11T14:43:22+00:00"
        },
        {
            "name": "laminas/laminas-stdlib",
            "version": "dev-develop",
            "source": {
                "type": "git",
                "url": "https://github.com/laminas/laminas-stdlib.git",
                "reference": "82642c80035ec7d3fe30684e46ecc0e8c92f7e3f"
            },
            "dist": {
                "type": "zip",
                "url": "https://api.github.com/repos/laminas/laminas-stdlib/zipball/82642c80035ec7d3fe30684e46ecc0e8c92f7e3f",
                "reference": "82642c80035ec7d3fe30684e46ecc0e8c92f7e3f",
                "shasum": ""
            },
            "require": {
                "laminas/laminas-zendframework-bridge": "^1.0",
                "php": "^5.6 || ^7.0"
            },
            "replace": {
                "zendframework/zend-stdlib": "^3.2.1"
            },
            "require-dev": {
                "laminas/laminas-coding-standard": "~1.0.0",
                "phpbench/phpbench": "^0.13",
                "phpunit/phpunit": "^5.7.27 || ^6.5.8 || ^7.1.2"
            },
            "type": "library",
            "extra": {
                "branch-alias": {
                    "dev-master": "3.2.x-dev",
                    "dev-develop": "3.3.x-dev"
                }
            },
            "autoload": {
                "psr-4": {
                    "Laminas\\Stdlib\\": "src/"
                }
            },
            "notification-url": "https://packagist.org/downloads/",
            "license": [
                "BSD-3-Clause"
            ],
            "description": "SPL extensions, array utilities, error handlers, and more",
            "homepage": "https://laminas.dev",
            "keywords": [
                "laminas",
                "stdlib"
            ],
            "time": "2020-04-15T19:33:34+00:00"
        },
        {
            "name": "laminas/laminas-zendframework-bridge",
            "version": "dev-develop",
            "source": {
                "type": "git",
                "url": "https://github.com/laminas/laminas-zendframework-bridge.git",
                "reference": "9c9c3bfd86f3d496cc1cc4e4d4bbb72b50ed09c3"
            },
            "dist": {
                "type": "zip",
                "url": "https://api.github.com/repos/laminas/laminas-zendframework-bridge/zipball/9c9c3bfd86f3d496cc1cc4e4d4bbb72b50ed09c3",
                "reference": "9c9c3bfd86f3d496cc1cc4e4d4bbb72b50ed09c3",
                "shasum": ""
            },
            "require": {
                "php": "^5.6 || ^7.0"
            },
            "require-dev": {
                "phpunit/phpunit": "^5.7 || ^6.5 || ^7.5 || ^8.1",
                "squizlabs/php_codesniffer": "^3.5"
            },
            "type": "library",
            "extra": {
                "branch-alias": {
                    "dev-master": "1.0.x-dev",
                    "dev-develop": "1.1.x-dev"
                },
                "laminas": {
                    "module": "Laminas\\ZendFrameworkBridge"
                }
            },
            "autoload": {
                "files": [
                    "src/autoload.php"
                ],
                "psr-4": {
                    "Laminas\\ZendFrameworkBridge\\": "src//"
                }
            },
            "notification-url": "https://packagist.org/downloads/",
            "license": [
                "BSD-3-Clause"
            ],
            "description": "Alias legacy ZF class names to Laminas Project equivalents.",
            "keywords": [
                "ZendFramework",
                "autoloading",
                "laminas",
                "zf"
            ],
            "time": "2020-04-15T19:17:48+00:00"
        },
        {
            "name": "psr/container",
            "version": "1.0.0",
            "source": {
                "type": "git",
                "url": "https://github.com/php-fig/container.git",
                "reference": "b7ce3b176482dbbc1245ebf52b181af44c2cf55f"
            },
            "dist": {
                "type": "zip",
                "url": "https://api.github.com/repos/php-fig/container/zipball/b7ce3b176482dbbc1245ebf52b181af44c2cf55f",
                "reference": "b7ce3b176482dbbc1245ebf52b181af44c2cf55f",
                "shasum": ""
            },
            "require": {
                "php": ">=5.3.0"
            },
            "type": "library",
            "extra": {
                "branch-alias": {
                    "dev-master": "1.0.x-dev"
                }
            },
            "autoload": {
                "psr-4": {
                    "Psr\\Container\\": "src/"
                }
            },
            "notification-url": "https://packagist.org/downloads/",
            "license": [
                "MIT"
            ],
            "authors": [
                {
                    "name": "PHP-FIG",
                    "homepage": "http://www.php-fig.org/"
                }
            ],
            "description": "Common Container Interface (PHP FIG PSR-11)",
            "homepage": "https://github.com/php-fig/container",
            "keywords": [
                "PSR-11",
                "container",
                "container-interface",
                "container-interop",
                "psr"
            ],
            "time": "2017-02-14T16:28:37+00:00"
        },
        {
            "name": "symfony/console",
            "version": "v5.0.8",
            "source": {
                "type": "git",
                "url": "https://github.com/symfony/console.git",
                "reference": "5fa1caadc8cdaa17bcfb25219f3b53fe294a9935"
            },
            "dist": {
                "type": "zip",
                "url": "https://api.github.com/repos/symfony/console/zipball/5fa1caadc8cdaa17bcfb25219f3b53fe294a9935",
                "reference": "5fa1caadc8cdaa17bcfb25219f3b53fe294a9935",
                "shasum": ""
            },
            "require": {
                "php": "^7.2.5",
                "symfony/polyfill-mbstring": "~1.0",
                "symfony/polyfill-php73": "^1.8",
                "symfony/service-contracts": "^1.1|^2"
            },
            "conflict": {
                "symfony/dependency-injection": "<4.4",
                "symfony/event-dispatcher": "<4.4",
                "symfony/lock": "<4.4",
                "symfony/process": "<4.4"
            },
            "provide": {
                "psr/log-implementation": "1.0"
            },
            "require-dev": {
                "psr/log": "~1.0",
                "symfony/config": "^4.4|^5.0",
                "symfony/dependency-injection": "^4.4|^5.0",
                "symfony/event-dispatcher": "^4.4|^5.0",
                "symfony/lock": "^4.4|^5.0",
                "symfony/process": "^4.4|^5.0",
                "symfony/var-dumper": "^4.4|^5.0"
            },
            "suggest": {
                "psr/log": "For using the console logger",
                "symfony/event-dispatcher": "",
                "symfony/lock": "",
                "symfony/process": ""
            },
            "type": "library",
            "extra": {
                "branch-alias": {
                    "dev-master": "5.0-dev"
                }
            },
            "autoload": {
                "psr-4": {
                    "Symfony\\Component\\Console\\": ""
                },
                "exclude-from-classmap": [
                    "/Tests/"
                ]
            },
            "notification-url": "https://packagist.org/downloads/",
            "license": [
                "MIT"
            ],
            "authors": [
                {
                    "name": "Fabien Potencier",
                    "email": "fabien@symfony.com"
                },
                {
                    "name": "Symfony Community",
                    "homepage": "https://symfony.com/contributors"
                }
            ],
            "description": "Symfony Console Component",
            "homepage": "https://symfony.com",
            "time": "2020-03-30T11:42:42+00:00"
        },
        {
            "name": "symfony/polyfill-mbstring",
            "version": "v1.17.0",
            "source": {
                "type": "git",
                "url": "https://github.com/symfony/polyfill-mbstring.git",
                "reference": "fa79b11539418b02fc5e1897267673ba2c19419c"
            },
            "dist": {
                "type": "zip",
                "url": "https://api.github.com/repos/symfony/polyfill-mbstring/zipball/fa79b11539418b02fc5e1897267673ba2c19419c",
                "reference": "fa79b11539418b02fc5e1897267673ba2c19419c",
                "shasum": ""
            },
            "require": {
                "php": ">=5.3.3"
            },
            "suggest": {
                "ext-mbstring": "For best performance"
            },
            "type": "library",
            "extra": {
                "branch-alias": {
                    "dev-master": "1.17-dev"
                }
            },
            "autoload": {
                "psr-4": {
                    "Symfony\\Polyfill\\Mbstring\\": ""
                },
                "files": [
                    "bootstrap.php"
                ]
            },
            "notification-url": "https://packagist.org/downloads/",
            "license": [
                "MIT"
            ],
            "authors": [
                {
                    "name": "Nicolas Grekas",
                    "email": "p@tchwork.com"
                },
                {
                    "name": "Symfony Community",
                    "homepage": "https://symfony.com/contributors"
                }
            ],
            "description": "Symfony polyfill for the Mbstring extension",
            "homepage": "https://symfony.com",
            "keywords": [
                "compatibility",
                "mbstring",
                "polyfill",
                "portable",
                "shim"
            ],
            "time": "2020-05-12T16:47:27+00:00"
        },
        {
            "name": "symfony/polyfill-php73",
            "version": "v1.17.0",
            "source": {
                "type": "git",
                "url": "https://github.com/symfony/polyfill-php73.git",
                "reference": "a760d8964ff79ab9bf057613a5808284ec852ccc"
            },
            "dist": {
                "type": "zip",
                "url": "https://api.github.com/repos/symfony/polyfill-php73/zipball/a760d8964ff79ab9bf057613a5808284ec852ccc",
                "reference": "a760d8964ff79ab9bf057613a5808284ec852ccc",
                "shasum": ""
            },
            "require": {
                "php": ">=5.3.3"
            },
            "type": "library",
            "extra": {
                "branch-alias": {
                    "dev-master": "1.17-dev"
                }
            },
            "autoload": {
                "psr-4": {
                    "Symfony\\Polyfill\\Php73\\": ""
                },
                "files": [
                    "bootstrap.php"
                ],
                "classmap": [
                    "Resources/stubs"
                ]
            },
            "notification-url": "https://packagist.org/downloads/",
            "license": [
                "MIT"
            ],
            "authors": [
                {
                    "name": "Nicolas Grekas",
                    "email": "p@tchwork.com"
                },
                {
                    "name": "Symfony Community",
                    "homepage": "https://symfony.com/contributors"
                }
            ],
            "description": "Symfony polyfill backporting some PHP 7.3+ features to lower PHP versions",
            "homepage": "https://symfony.com",
            "keywords": [
                "compatibility",
                "polyfill",
                "portable",
                "shim"
            ],
            "time": "2020-05-12T16:47:27+00:00"
        },
        {
            "name": "symfony/service-contracts",
            "version": "v2.0.1",
            "source": {
                "type": "git",
                "url": "https://github.com/symfony/service-contracts.git",
                "reference": "144c5e51266b281231e947b51223ba14acf1a749"
            },
            "dist": {
                "type": "zip",
                "url": "https://api.github.com/repos/symfony/service-contracts/zipball/144c5e51266b281231e947b51223ba14acf1a749",
                "reference": "144c5e51266b281231e947b51223ba14acf1a749",
                "shasum": ""
            },
            "require": {
                "php": "^7.2.5",
                "psr/container": "^1.0"
            },
            "suggest": {
                "symfony/service-implementation": ""
            },
            "type": "library",
            "extra": {
                "branch-alias": {
                    "dev-master": "2.0-dev"
                }
            },
            "autoload": {
                "psr-4": {
                    "Symfony\\Contracts\\Service\\": ""
                }
            },
            "notification-url": "https://packagist.org/downloads/",
            "license": [
                "MIT"
            ],
            "authors": [
                {
                    "name": "Nicolas Grekas",
                    "email": "p@tchwork.com"
                },
                {
                    "name": "Symfony Community",
                    "homepage": "https://symfony.com/contributors"
                }
            ],
            "description": "Generic abstractions related to writing services",
            "homepage": "https://symfony.com",
            "keywords": [
                "abstractions",
                "contracts",
                "decoupling",
                "interfaces",
                "interoperability",
                "standards"
            ],
            "time": "2019-11-18T17:27:11+00:00"
        }
    ],
    "packages-dev": [],
    "aliases": [],
    "minimum-stability": "dev",
    "stability-flags": {
        "laminas/laminas-servicemanager": 20
    },
    "prefer-stable": false,
    "prefer-lowest": false,
    "platform": [],
    "platform-dev": [],
    "platform-overrides": {
        "php": "7.2.15"
    }
}
